
Microsoft Visual Studio Solution File, Format Version 12.00
# Visual Studio Version 16
VisualStudioVersion = 16.0.30611.23
MinimumVisualStudioVersion = 10.0.40219.1
Project("{FAE04EC0-301F-11D3-BF4B-00C04F79EFBC}") = "SerwerTCP", "SerwerTCP\SerwerTCP.csproj", "{880833C0-0758-4886-8C16-204B6F2515FD}"
EndProject
Project("{9A19103F-16F7-4668-BE54-9A1E7A4F7556}") = "WeatherServerLibrary", "ServerClassLibrary\WeatherServerLibrary.csproj", "{396274B7-62D1-4B6E-812A-A20542BD92A7}"
EndProject
Project("{9A19103F-16F7-4668-BE54-9A1E7A4F7556}") = "WeatherLibrary", "WeatherLibrary\WeatherLibrary.csproj", "{18605B37-E5DC-4C7B-9B66-DB894E00B67D}"
EndProject
Project("{FAE04EC0-301F-11D3-BF4B-00C04F79EFBC}") = "GUIClient", "GUIClient\GUIClient.csproj", "{D4A52603-4DB6-4B73-B8F4-2050F131B4F6}"
EndProject
Global
	GlobalSection(SolutionConfigurationPlatforms) = preSolution
		Debug|Any CPU = Debug|Any CPU
		Release|Any CPU = Release|Any CPU
	EndGlobalSection
	GlobalSection(ProjectConfigurationPlatforms) = postSolution
		{880833C0-0758-4886-8C16-204B6F2515FD}.Debug|Any CPU.ActiveCfg = Debug|Any CPU
		{880833C0-0758-4886-8C16-204B6F2515FD}.Debug|Any CPU.Build.0 = Debug|Any CPU
		{880833C0-0758-4886-8C16-204B6F2515FD}.Release|Any CPU.ActiveCfg = Release|Any CPU
		{880833C0-0758-4886-8C16-204B6F2515FD}.Release|Any CPU.Build.0 = Release|Any CPU
		{396274B7-62D1-4B6E-812A-A20542BD92A7}.Debug|Any CPU.ActiveCfg = Debug|Any CPU
		{396274B7-62D1-4B6E-812A-A20542BD92A7}.Debug|Any CPU.Build.0 = Debug|Any CPU
		{396274B7-62D1-4B6E-812A-A20542BD92A7}.Release|Any CPU.ActiveCfg = Release|Any CPU
		{396274B7-62D1-4B6E-812A-A20542BD92A7}.Release|Any CPU.Build.0 = Release|Any CPU
		{18605B37-E5DC-4C7B-9B66-DB894E00B67D}.Debug|Any CPU.ActiveCfg = Debug|Any CPU
		{18605B37-E5DC-4C7B-9B66-DB894E00B67D}.Debug|Any CPU.Build.0 = Debug|Any CPU
		{18605B37-E5DC-4C7B-9B66-DB894E00B67D}.Release|Any CPU.ActiveCfg = Release|Any CPU
		{18605B37-E5DC-4C7B-9B66-DB894E00B67D}.Release|Any CPU.Build.0 = Release|Any CPU
		{D4A52603-4DB6-4B73-B8F4-2050F131B4F6}.Debug|Any CPU.ActiveCfg = Debug|Any CPU
		{D4A52603-4DB6-4B73-B8F4-2050F131B4F6}.Debug|Any CPU.Build.0 = Debug|Any CPU
		{D4A52603-4DB6-4B73-B8F4-2050F131B4F6}.Release|Any CPU.ActiveCfg = Release|Any CPU
		{D4A52603-4DB6-4B73-B8F4-2050F131B4F6}.Release|Any CPU.Build.0 = Release|Any CPU
	EndGlobalSection
	GlobalSection(SolutionProperties) = preSolution
		HideSolutionNode = FALSE
	EndGlobalSection
	GlobalSection(ExtensibilityGlobals) = postSolution
		SolutionGuid = {7C640DFF-6691-478B-A864-690087F46841}
	EndGlobalSection
EndGlobal
